
Microsoft Visual Studio Solution File, Format Version 12.00
# Visual Studio 15
VisualStudioVersion = 15.0.26124.0
MinimumVisualStudioVersion = 15.0.26124.0
Project("{2150E333-8FDC-42A3-9474-1A3956D46DE8}") = "tests", "tests", "{A02A238D-A8FE-4526-82EE-957AEF43D0F2}"
EndProject
Project("{FAE04EC0-301F-11D3-BF4B-00C04F79EFBC}") = "UnitTests", "tests\UnitTests\UnitTests.csproj", "{2DF4A55E-3E47-4B97-9E93-D0D2BCA6E0AD}"
EndProject
Project("{2150E333-8FDC-42A3-9474-1A3956D46DE8}") = "src", "src", "{030A94EC-7446-4817-93CE-3492B2E49C23}"
EndProject
Project("{FAE04EC0-301F-11D3-BF4B-00C04F79EFBC}") = "Domain", "src\Domain\Domain.csproj", "{BF707C93-4ED5-49D8-9CE0-4C4C1AAF2D42}"
EndProject
Project("{FAE04EC0-301F-11D3-BF4B-00C04F79EFBC}") = "Application", "src\Application\Application.csproj", "{96AB0CAD-06D1-4FF2-B59A-F89CB550285F}"
EndProject
Project("{FAE04EC0-301F-11D3-BF4B-00C04F79EFBC}") = "Infrastructure", "src\Infrastructure\Infrastructure.csproj", "{5128A4C1-9557-4CA9-ACAA-9C5DEF979A39}"
EndProject
Project("{FAE04EC0-301F-11D3-BF4B-00C04F79EFBC}") = "Web", "src\Web\Web.csproj", "{4B6549DA-8051-410B-A016-A763FAF0F6B2}"
EndProject
Global
	GlobalSection(SolutionConfigurationPlatforms) = preSolution
		Debug|Any CPU = Debug|Any CPU
		Debug|x64 = Debug|x64
		Debug|x86 = Debug|x86
		Release|Any CPU = Release|Any CPU
		Release|x64 = Release|x64
		Release|x86 = Release|x86
	EndGlobalSection
	GlobalSection(SolutionProperties) = preSolution
		HideSolutionNode = FALSE
	EndGlobalSection
	GlobalSection(ProjectConfigurationPlatforms) = postSolution
		{2DF4A55E-3E47-4B97-9E93-D0D2BCA6E0AD}.Debug|Any CPU.ActiveCfg = Debug|Any CPU
		{2DF4A55E-3E47-4B97-9E93-D0D2BCA6E0AD}.Debug|Any CPU.Build.0 = Debug|Any CPU
		{2DF4A55E-3E47-4B97-9E93-D0D2BCA6E0AD}.Debug|x64.ActiveCfg = Debug|Any CPU
		{2DF4A55E-3E47-4B97-9E93-D0D2BCA6E0AD}.Debug|x64.Build.0 = Debug|Any CPU
		{2DF4A55E-3E47-4B97-9E93-D0D2BCA6E0AD}.Debug|x86.ActiveCfg = Debug|Any CPU
		{2DF4A55E-3E47-4B97-9E93-D0D2BCA6E0AD}.Debug|x86.Build.0 = Debug|Any CPU
		{2DF4A55E-3E47-4B97-9E93-D0D2BCA6E0AD}.Release|Any CPU.ActiveCfg = Release|Any CPU
		{2DF4A55E-3E47-4B97-9E93-D0D2BCA6E0AD}.Release|Any CPU.Build.0 = Release|Any CPU
		{2DF4A55E-3E47-4B97-9E93-D0D2BCA6E0AD}.Release|x64.ActiveCfg = Release|Any CPU
		{2DF4A55E-3E47-4B97-9E93-D0D2BCA6E0AD}.Release|x64.Build.0 = Release|Any CPU
		{2DF4A55E-3E47-4B97-9E93-D0D2BCA6E0AD}.Release|x86.ActiveCfg = Release|Any CPU
		{2DF4A55E-3E47-4B97-9E93-D0D2BCA6E0AD}.Release|x86.Build.0 = Release|Any CPU
		{BF707C93-4ED5-49D8-9CE0-4C4C1AAF2D42}.Debug|Any CPU.ActiveCfg = Debug|Any CPU
		{BF707C93-4ED5-49D8-9CE0-4C4C1AAF2D42}.Debug|Any CPU.Build.0 = Debug|Any CPU
		{BF707C93-4ED5-49D8-9CE0-4C4C1AAF2D42}.Debug|x64.ActiveCfg = Debug|Any CPU
		{BF707C93-4ED5-49D8-9CE0-4C4C1AAF2D42}.Debug|x64.Build.0 = Debug|Any CPU
		{BF707C93-4ED5-49D8-9CE0-4C4C1AAF2D42}.Debug|x86.ActiveCfg = Debug|Any CPU
		{BF707C93-4ED5-49D8-9CE0-4C4C1AAF2D42}.Debug|x86.Build.0 = Debug|Any CPU
		{BF707C93-4ED5-49D8-9CE0-4C4C1AAF2D42}.Release|Any CPU.ActiveCfg = Release|Any CPU
		{BF707C93-4ED5-49D8-9CE0-4C4C1AAF2D42}.Release|Any CPU.Build.0 = Release|Any CPU
		{BF707C93-4ED5-49D8-9CE0-4C4C1AAF2D42}.Release|x64.ActiveCfg = Release|Any CPU
		{BF707C93-4ED5-49D8-9CE0-4C4C1AAF2D42}.Release|x64.Build.0 = Release|Any CPU
		{BF707C93-4ED5-49D8-9CE0-4C4C1AAF2D42}.Release|x86.ActiveCfg = Release|Any CPU
		{BF707C93-4ED5-49D8-9CE0-4C4C1AAF2D42}.Release|x86.Build.0 = Release|Any CPU
		{96AB0CAD-06D1-4FF2-B59A-F89CB550285F}.Debug|Any CPU.ActiveCfg = Debug|Any CPU
		{96AB0CAD-06D1-4FF2-B59A-F89CB550285F}.Debug|Any CPU.Build.0 = Debug|Any CPU
		{96AB0CAD-06D1-4FF2-B59A-F89CB550285F}.Debug|x64.ActiveCfg = Debug|Any CPU
		{96AB0CAD-06D1-4FF2-B59A-F89CB550285F}.Debug|x64.Build.0 = Debug|Any CPU
		{96AB0CAD-06D1-4FF2-B59A-F89CB550285F}.Debug|x86.ActiveCfg = Debug|Any CPU
		{96AB0CAD-06D1-4FF2-B59A-F89CB550285F}.Debug|x86.Build.0 = Debug|Any CPU
		{96AB0CAD-06D1-4FF2-B59A-F89CB550285F}.Release|Any CPU.ActiveCfg = Release|Any CPU
		{96AB0CAD-06D1-4FF2-B59A-F89CB550285F}.Release|Any CPU.Build.0 = Release|Any CPU
		{96AB0CAD-06D1-4FF2-B59A-F89CB550285F}.Release|x64.ActiveCfg = Release|Any CPU
		{96AB0CAD-06D1-4FF2-B59A-F89CB550285F}.Release|x64.Build.0 = Release|Any CPU
		{96AB0CAD-06D1-4FF2-B59A-F89CB550285F}.Release|x86.ActiveCfg = Release|Any CPU
		{96AB0CAD-06D1-4FF2-B59A-F89CB550285F}.Release|x86.Build.0 = Release|Any CPU
		{5128A4C1-9557-4CA9-ACAA-9C5DEF979A39}.Debug|Any CPU.ActiveCfg = Debug|Any CPU
		{5128A4C1-9557-4CA9-ACAA-9C5DEF979A39}.Debug|Any CPU.Build.0 = Debug|Any CPU
		{5128A4C1-9557-4CA9-ACAA-9C5DEF979A39}.Debug|x64.ActiveCfg = Debug|Any CPU
		{5128A4C1-9557-4CA9-ACAA-9C5DEF979A39}.Debug|x64.Build.0 = Debug|Any CPU
		{5128A4C1-9557-4CA9-ACAA-9C5DEF979A39}.Debug|x86.ActiveCfg = Debug|Any CPU
		{5128A4C1-9557-4CA9-ACAA-9C5DEF979A39}.Debug|x86.Build.0 = Debug|Any CPU
		{5128A4C1-9557-4CA9-ACAA-9C5DEF979A39}.Release|Any CPU.ActiveCfg = Release|Any CPU
		{5128A4C1-9557-4CA9-ACAA-9C5DEF979A39}.Release|Any CPU.Build.0 = Release|Any CPU
		{5128A4C1-9557-4CA9-ACAA-9C5DEF979A39}.Release|x64.ActiveCfg = Release|Any CPU
		{5128A4C1-9557-4CA9-ACAA-9C5DEF979A39}.Release|x64.Build.0 = Release|Any CPU
		{5128A4C1-9557-4CA9-ACAA-9C5DEF979A39}.Release|x86.ActiveCfg = Release|Any CPU
		{5128A4C1-9557-4CA9-ACAA-9C5DEF979A39}.Release|x86.Build.0 = Release|Any CPU
		{4B6549DA-8051-410B-A016-A763FAF0F6B2}.Debug|Any CPU.ActiveCfg = Debug|Any CPU
		{4B6549DA-8051-410B-A016-A763FAF0F6B2}.Debug|Any CPU.Build.0 = Debug|Any CPU
		{4B6549DA-8051-410B-A016-A763FAF0F6B2}.Debug|x64.ActiveCfg = Debug|Any CPU
		{4B6549DA-8051-410B-A016-A763FAF0F6B2}.Debug|x64.Build.0 = Debug|Any CPU
		{4B6549DA-8051-410B-A016-A763FAF0F6B2}.Debug|x86.ActiveCfg = Debug|Any CPU
		{4B6549DA-8051-410B-A016-A763FAF0F6B2}.Debug|x86.Build.0 = Debug|Any CPU
		{4B6549DA-8051-410B-A016-A763FAF0F6B2}.Release|Any CPU.ActiveCfg = Release|Any CPU
		{4B6549DA-8051-410B-A016-A763FAF0F6B2}.Release|Any CPU.Build.0 = Release|Any CPU
		{4B6549DA-8051-410B-A016-A763FAF0F6B2}.Release|x64.ActiveCfg = Release|Any CPU
		{4B6549DA-8051-410B-A016-A763FAF0F6B2}.Release|x64.Build.0 = Release|Any CPU
		{4B6549DA-8051-410B-A016-A763FAF0F6B2}.Release|x86.ActiveCfg = Release|Any CPU
		{4B6549DA-8051-410B-A016-A763FAF0F6B2}.Release|x86.Build.0 = Release|Any CPU
	EndGlobalSection
	GlobalSection(NestedProjects) = preSolution
		{2DF4A55E-3E47-4B97-9E93-D0D2BCA6E0AD} = {A02A238D-A8FE-4526-82EE-957AEF43D0F2}
		{BF707C93-4ED5-49D8-9CE0-4C4C1AAF2D42} = {030A94EC-7446-4817-93CE-3492B2E49C23}
		{96AB0CAD-06D1-4FF2-B59A-F89CB550285F} = {030A94EC-7446-4817-93CE-3492B2E49C23}
		{5128A4C1-9557-4CA9-ACAA-9C5DEF979A39} = {030A94EC-7446-4817-93CE-3492B2E49C23}
		{4B6549DA-8051-410B-A016-A763FAF0F6B2} = {030A94EC-7446-4817-93CE-3492B2E49C23}
	EndGlobalSection
EndGlobal
